{
  "lockfile_version": "1",
  "packages": {
    "bun@1.1.31": {
      "last_modified": "2024-10-23T04:36:58Z",
      "resolved": "github:NixOS/nixpkgs/dfffb2e7a52d29a0ef8e21ec8a0f30487b227f1a#bun",
      "source": "devbox-search",
      "version": "1.1.31",
      "systems": {
        "aarch64-darwin": {
          "outputs": [
            {
              "name": "out",
              "path": "/nix/store/yw0z6rg88lx3mk3990a8hv1p9n81c5rs-bun-1.1.31",
              "default": true
            }
          ],
          "store_path": "/nix/store/yw0z6rg88lx3mk3990a8hv1p9n81c5rs-bun-1.1.31"
        },
        "aarch64-linux": {
          "outputs": [
            {
              "name": "out",
              "path": "/nix/store/00n6cawnzgxmih6vrkp7sg269njdlqfv-bun-1.1.31",
              "default": true
            }
          ],
          "store_path": "/nix/store/00n6cawnzgxmih6vrkp7sg269njdlqfv-bun-1.1.31"
        },
        "x86_64-darwin": {
          "outputs": [
            {
              "name": "out",
              "path": "/nix/store/4wg235mszvs98csdbk66lgdm6l9mzmnq-bun-1.1.31",
              "default": true
            }
          ],
          "store_path": "/nix/store/4wg235mszvs98csdbk66lgdm6l9mzmnq-bun-1.1.31"
        },
        "x86_64-linux": {
          "outputs": [
            {
              "name": "out",
              "path": "/nix/store/hilx2jwdslc05d38q4fzpsli6pgc56sa-bun-1.1.31",
              "default": true
            }
          ],
          "store_path": "/nix/store/hilx2jwdslc05d38q4fzpsli6pgc56sa-bun-1.1.31"
        }
      }
    }
  }
}
